
Microsoft Visual Studio Solution File, Format Version 12.00
# Visual Studio Version 16
VisualStudioVersion = 16.0.31729.503
MinimumVisualStudioVersion = 10.0.40219.1
Project("{9A19103F-16F7-4668-BE54-9A1E7A4F7556}") = "Shopinka.Api", "Shopinka\Shopinka.Api.csproj", "{D985A764-C99D-455A-87BF-B656107E8524}"
EndProject
Project("{9A19103F-16F7-4668-BE54-9A1E7A4F7556}") = "Shopinka.Data", "Shopinka.Data\Shopinka.Data.csproj", "{4C3989F5-C662-4B9E-BCE9-7AAD6D68DF06}"
EndProject
Project("{9A19103F-16F7-4668-BE54-9A1E7A4F7556}") = "Shopinka.Core", "Shopinka.Core\Shopinka.Core.csproj", "{560D80BC-6CD9-4AD1-8576-4B2B890A5140}"
EndProject
Project("{9A19103F-16F7-4668-BE54-9A1E7A4F7556}") = "Shopinka.Service", "Shopinka.Service\Shopinka.Service.csproj", "{A22752B9-A24D-41F1-A2CA-7AA2FB1A8B3E}"
EndProject
Project("{FAE04EC0-301F-11D3-BF4B-00C04F79EFBC}") = "Shopinka.Test", "Shopinka.Test\Shopinka.Test.csproj", "{39EAF89E-B03C-49A6-B765-78E1900A2E68}"
EndProject
Global
	GlobalSection(SolutionConfigurationPlatforms) = preSolution
		Debug|Any CPU = Debug|Any CPU
		Release|Any CPU = Release|Any CPU
	EndGlobalSection
	GlobalSection(ProjectConfigurationPlatforms) = postSolution
		{D985A764-C99D-455A-87BF-B656107E8524}.Debug|Any CPU.ActiveCfg = Debug|Any CPU
		{D985A764-C99D-455A-87BF-B656107E8524}.Debug|Any CPU.Build.0 = Debug|Any CPU
		{D985A764-C99D-455A-87BF-B656107E8524}.Release|Any CPU.ActiveCfg = Release|Any CPU
		{D985A764-C99D-455A-87BF-B656107E8524}.Release|Any CPU.Build.0 = Release|Any CPU
		{4C3989F5-C662-4B9E-BCE9-7AAD6D68DF06}.Debug|Any CPU.ActiveCfg = Debug|Any CPU
		{4C3989F5-C662-4B9E-BCE9-7AAD6D68DF06}.Debug|Any CPU.Build.0 = Debug|Any CPU
		{4C3989F5-C662-4B9E-BCE9-7AAD6D68DF06}.Release|Any CPU.ActiveCfg = Release|Any CPU
		{4C3989F5-C662-4B9E-BCE9-7AAD6D68DF06}.Release|Any CPU.Build.0 = Release|Any CPU
		{560D80BC-6CD9-4AD1-8576-4B2B890A5140}.Debug|Any CPU.ActiveCfg = Debug|Any CPU
		{560D80BC-6CD9-4AD1-8576-4B2B890A5140}.Debug|Any CPU.Build.0 = Debug|Any CPU
		{560D80BC-6CD9-4AD1-8576-4B2B890A5140}.Release|Any CPU.ActiveCfg = Release|Any CPU
		{560D80BC-6CD9-4AD1-8576-4B2B890A5140}.Release|Any CPU.Build.0 = Release|Any CPU
		{A22752B9-A24D-41F1-A2CA-7AA2FB1A8B3E}.Debug|Any CPU.ActiveCfg = Debug|Any CPU
		{A22752B9-A24D-41F1-A2CA-7AA2FB1A8B3E}.Debug|Any CPU.Build.0 = Debug|Any CPU
		{A22752B9-A24D-41F1-A2CA-7AA2FB1A8B3E}.Release|Any CPU.ActiveCfg = Release|Any CPU
		{A22752B9-A24D-41F1-A2CA-7AA2FB1A8B3E}.Release|Any CPU.Build.0 = Release|Any CPU
		{39EAF89E-B03C-49A6-B765-78E1900A2E68}.Debug|Any CPU.ActiveCfg = Debug|Any CPU
		{39EAF89E-B03C-49A6-B765-78E1900A2E68}.Debug|Any CPU.Build.0 = Debug|Any CPU
		{39EAF89E-B03C-49A6-B765-78E1900A2E68}.Release|Any CPU.ActiveCfg = Release|Any CPU
		{39EAF89E-B03C-49A6-B765-78E1900A2E68}.Release|Any CPU.Build.0 = Release|Any CPU
	EndGlobalSection
	GlobalSection(SolutionProperties) = preSolution
		HideSolutionNode = FALSE
	EndGlobalSection
	GlobalSection(ExtensibilityGlobals) = postSolution
		SolutionGuid = {F55F958B-F621-4A01-9BDF-9CB5656C9053}
	EndGlobalSection
EndGlobal
